
Microsoft Visual Studio Solution File, Format Version 12.00
# Visual Studio Version 17
VisualStudioVersion = 17.6.33712.159
MinimumVisualStudioVersion = 10.0.40219.1
Project("{FAE04EC0-301F-11D3-BF4B-00C04F79EFBC}") = "cs-form-230622-pdf", "cs-form-230622-pdf.csproj", "{7D1AC50F-F79F-42B7-BDC2-222D2FE8192B}"
EndProject
Global
	GlobalSection(SolutionConfigurationPlatforms) = preSolution
		Debug|Any CPU = Debug|Any CPU
		Release|Any CPU = Release|Any CPU
	EndGlobalSection
	GlobalSection(ProjectConfigurationPlatforms) = postSolution
		{7D1AC50F-F79F-42B7-BDC2-222D2FE8192B}.Debug|Any CPU.ActiveCfg = Debug|Any CPU
		{7D1AC50F-F79F-42B7-BDC2-222D2FE8192B}.Debug|Any CPU.Build.0 = Debug|Any CPU
		{7D1AC50F-F79F-42B7-BDC2-222D2FE8192B}.Release|Any CPU.ActiveCfg = Release|Any CPU
		{7D1AC50F-F79F-42B7-BDC2-222D2FE8192B}.Release|Any CPU.Build.0 = Release|Any CPU
	EndGlobalSection
	GlobalSection(SolutionProperties) = preSolution
		HideSolutionNode = FALSE
	EndGlobalSection
	GlobalSection(ExtensibilityGlobals) = postSolution
		SolutionGuid = {01CA882C-EF41-44AA-A1C8-0668338A700A}
	EndGlobalSection
EndGlobal
